hash: 5c99a192912f6eadfbe5355a11011fee7d6dc128f63ff7d972bcdc49a50864bb
updated: 2016-11-23T13:37:31.658036108Z
imports:
- name: github.com/goware/urlx
  version: 86bdc24560383254e8b977da31a823eddf904409
- name: github.com/PuerkitoBio/purell
  version: 8a290539e2e8629dbc4e6bad948158f790ec31f4
- name: github.com/PuerkitoBio/urlesc
  version: 5bd2802263f21d8788851d5305584c82a5c75d7e
- name: golang.org/x/net
  version: 4bb47a1098b37d69980d96237e2ae4ff56bb5a95
  subpackages:
  - idna
- name: golang.org/x/text
  version: a8b38433e35b65ba247bb267317037dee1b70cea
  subpackages:
  - cases
  - internal
  - internal/tag
  - language
  - runes
  - secure/bidirule
  - secure/precis
  - transform
  - unicode/bidi
  - unicode/norm
  - width
testImports: []
